
Microsoft Visual Studio Solution File, Format Version 12.00
# Visual Studio Version 16
VisualStudioVersion = 16.0.29613.14
MinimumVisualStudioVersion = 10.0.40219.1
Project("{FAE04EC0-301F-11D3-BF4B-00C04F79EFBC}") = "Lesson20", "Lesson20.csproj", "{7C33BC8A-DE0F-4D85-B155-6D6E32F00ADC}"
EndProject
Global
	GlobalSection(SolutionConfigurationPlatforms) = preSolution
		Debug|Any CPU = Debug|Any CPU
		Release|Any CPU = Release|Any CPU
	EndGlobalSection
	GlobalSection(ProjectConfigurationPlatforms) = postSolution
		{7C33BC8A-DE0F-4D85-B155-6D6E32F00ADC}.Debug|Any CPU.ActiveCfg = Debug|Any CPU
		{7C33BC8A-DE0F-4D85-B155-6D6E32F00ADC}.Debug|Any CPU.Build.0 = Debug|Any CPU
		{7C33BC8A-DE0F-4D85-B155-6D6E32F00ADC}.Release|Any CPU.ActiveCfg = Release|Any CPU
		{7C33BC8A-DE0F-4D85-B155-6D6E32F00ADC}.Release|Any CPU.Build.0 = Release|Any CPU
	EndGlobalSection
	GlobalSection(SolutionProperties) = preSolution
		HideSolutionNode = FALSE
	EndGlobalSection
	GlobalSection(ExtensibilityGlobals) = postSolution
		SolutionGuid = {70EE88CB-D61B-4FCE-93D9-52B62B2B1108}
	EndGlobalSection
EndGlobal
